
Microsoft Visual Studio Solution File, Format Version 12.00
Project("{FAE04EC0-301F-11D3-BF4B-00C04F79EFBC}") = "LoRaWeatherStation.Service", "LoRaWeatherStation.Service\LoRaWeatherStation.Service.csproj", "{B2802E41-4E58-4FB1-A810-82A0A825BB3C}"
EndProject
Project("{2150E333-8FDC-42A3-9474-1A3956D46DE8}") = "WeatherLib", "WeatherLib", "{DD834188-B2A2-418A-9807-B004ACCB6408}"
EndProject
Project("{FAE04EC0-301F-11D3-BF4B-00C04F79EFBC}") = "WeatherLib", "WeatherLib\WeatherLib\WeatherLib.csproj", "{5F36687D-FDCB-479B-B36C-8056E287B4AC}"
EndProject
Project("{FAE04EC0-301F-11D3-BF4B-00C04F79EFBC}") = "WeatherLib.Dwd.OpenData", "WeatherLib\WeatherLib.Dwd.OpenData\WeatherLib.Dwd.OpenData.csproj", "{567E735F-8E8F-42F9-9A53-D50C0BDE837C}"
EndProject
Project("{FAE04EC0-301F-11D3-BF4B-00C04F79EFBC}") = "LoRaWeatherStation.DataModel", "LoRaWeatherStation.DataModel\LoRaWeatherStation.DataModel.csproj", "{FC8494F0-EECB-4CA5-8AB0-3371AEB6E43F}"
EndProject
Project("{FAE04EC0-301F-11D3-BF4B-00C04F79EFBC}") = "LoRaWeatherStation.Utils", "LoRaWeatherStation.Utils\LoRaWeatherStation.Utils.csproj", "{F71C028D-9016-403B-A539-41B380D218FC}"
EndProject
Project("{FAE04EC0-301F-11D3-BF4B-00C04F79EFBC}") = "LoRaWeatherStation.UserInterface", "LoRaWeatherStation.UserInterface\LoRaWeatherStation.UserInterface.csproj", "{CA4528F0-6DE0-49D8-BE45-BD97964D3103}"
EndProject
Project("{FAE04EC0-301F-11D3-BF4B-00C04F79EFBC}") = "LoRaWeatherStation.Utils.Ui", "LoRaWeatherStation.Utils.Ui\LoRaWeatherStation.Utils.Ui.csproj", "{CDF3DC26-7C12-4DF6-BEA4-1A020175499A}"
EndProject
Project("{FAE04EC0-301F-11D3-BF4B-00C04F79EFBC}") = "LoRaWeatherStation.Client", "LoRaWeatherStation.Client\LoRaWeatherStation.Client.csproj", "{0B4C67B9-C367-4FA6-8187-9A543F024631}"
EndProject
Global
	GlobalSection(SolutionConfigurationPlatforms) = preSolution
		Debug|Any CPU = Debug|Any CPU
		Release|Any CPU = Release|Any CPU
	EndGlobalSection
	GlobalSection(ProjectConfigurationPlatforms) = postSolution
		{B2802E41-4E58-4FB1-A810-82A0A825BB3C}.Debug|Any CPU.ActiveCfg = Debug|Any CPU
		{B2802E41-4E58-4FB1-A810-82A0A825BB3C}.Debug|Any CPU.Build.0 = Debug|Any CPU
		{B2802E41-4E58-4FB1-A810-82A0A825BB3C}.Release|Any CPU.ActiveCfg = Release|Any CPU
		{B2802E41-4E58-4FB1-A810-82A0A825BB3C}.Release|Any CPU.Build.0 = Release|Any CPU
		{5F36687D-FDCB-479B-B36C-8056E287B4AC}.Debug|Any CPU.ActiveCfg = Debug|Any CPU
		{5F36687D-FDCB-479B-B36C-8056E287B4AC}.Debug|Any CPU.Build.0 = Debug|Any CPU
		{5F36687D-FDCB-479B-B36C-8056E287B4AC}.Release|Any CPU.ActiveCfg = Release|Any CPU
		{5F36687D-FDCB-479B-B36C-8056E287B4AC}.Release|Any CPU.Build.0 = Release|Any CPU
		{567E735F-8E8F-42F9-9A53-D50C0BDE837C}.Debug|Any CPU.ActiveCfg = Debug|Any CPU
		{567E735F-8E8F-42F9-9A53-D50C0BDE837C}.Debug|Any CPU.Build.0 = Debug|Any CPU
		{567E735F-8E8F-42F9-9A53-D50C0BDE837C}.Release|Any CPU.ActiveCfg = Release|Any CPU
		{567E735F-8E8F-42F9-9A53-D50C0BDE837C}.Release|Any CPU.Build.0 = Release|Any CPU
		{FC8494F0-EECB-4CA5-8AB0-3371AEB6E43F}.Debug|Any CPU.ActiveCfg = Debug|Any CPU
		{FC8494F0-EECB-4CA5-8AB0-3371AEB6E43F}.Debug|Any CPU.Build.0 = Debug|Any CPU
		{FC8494F0-EECB-4CA5-8AB0-3371AEB6E43F}.Release|Any CPU.ActiveCfg = Release|Any CPU
		{FC8494F0-EECB-4CA5-8AB0-3371AEB6E43F}.Release|Any CPU.Build.0 = Release|Any CPU
		{F71C028D-9016-403B-A539-41B380D218FC}.Debug|Any CPU.ActiveCfg = Debug|Any CPU
		{F71C028D-9016-403B-A539-41B380D218FC}.Debug|Any CPU.Build.0 = Debug|Any CPU
		{F71C028D-9016-403B-A539-41B380D218FC}.Release|Any CPU.ActiveCfg = Release|Any CPU
		{F71C028D-9016-403B-A539-41B380D218FC}.Release|Any CPU.Build.0 = Release|Any CPU
		{CA4528F0-6DE0-49D8-BE45-BD97964D3103}.Debug|Any CPU.ActiveCfg = Debug|Any CPU
		{CA4528F0-6DE0-49D8-BE45-BD97964D3103}.Debug|Any CPU.Build.0 = Debug|Any CPU
		{CA4528F0-6DE0-49D8-BE45-BD97964D3103}.Release|Any CPU.ActiveCfg = Release|Any CPU
		{CA4528F0-6DE0-49D8-BE45-BD97964D3103}.Release|Any CPU.Build.0 = Release|Any CPU
		{CDF3DC26-7C12-4DF6-BEA4-1A020175499A}.Debug|Any CPU.ActiveCfg = Debug|Any CPU
		{CDF3DC26-7C12-4DF6-BEA4-1A020175499A}.Debug|Any CPU.Build.0 = Debug|Any CPU
		{CDF3DC26-7C12-4DF6-BEA4-1A020175499A}.Release|Any CPU.ActiveCfg = Release|Any CPU
		{CDF3DC26-7C12-4DF6-BEA4-1A020175499A}.Release|Any CPU.Build.0 = Release|Any CPU
		{0B4C67B9-C367-4FA6-8187-9A543F024631}.Debug|Any CPU.ActiveCfg = Debug|Any CPU
		{0B4C67B9-C367-4FA6-8187-9A543F024631}.Debug|Any CPU.Build.0 = Debug|Any CPU
		{0B4C67B9-C367-4FA6-8187-9A543F024631}.Release|Any CPU.ActiveCfg = Release|Any CPU
		{0B4C67B9-C367-4FA6-8187-9A543F024631}.Release|Any CPU.Build.0 = Release|Any CPU
	EndGlobalSection
	GlobalSection(NestedProjects) = preSolution
		{5F36687D-FDCB-479B-B36C-8056E287B4AC} = {DD834188-B2A2-418A-9807-B004ACCB6408}
		{567E735F-8E8F-42F9-9A53-D50C0BDE837C} = {DD834188-B2A2-418A-9807-B004ACCB6408}
	EndGlobalSection
EndGlobal
